
Microsoft Visual Studio Solution File, Format Version 12.00
# Visual Studio Version 16
VisualStudioVersion = 16.0.31402.337
MinimumVisualStudioVersion = 10.0.40219.1
Project("{FAE04EC0-301F-11D3-BF4B-00C04F79EFBC}") = "WindowsFormsApp2", "WindowsFormsApp2\WindowsFormsApp2.csproj", "{CE454114-C6CC-484B-96DF-77F09708F848}"
EndProject
Global
	GlobalSection(SolutionConfigurationPlatforms) = preSolution
		Debug|Any CPU = Debug|Any CPU
		Release|Any CPU = Release|Any CPU
	EndGlobalSection
	GlobalSection(ProjectConfigurationPlatforms) = postSolution
		{CE454114-C6CC-484B-96DF-77F09708F848}.Debug|Any CPU.ActiveCfg = Debug|Any CPU
		{CE454114-C6CC-484B-96DF-77F09708F848}.Debug|Any CPU.Build.0 = Debug|Any CPU
		{CE454114-C6CC-484B-96DF-77F09708F848}.Release|Any CPU.ActiveCfg = Release|Any CPU
		{CE454114-C6CC-484B-96DF-77F09708F848}.Release|Any CPU.Build.0 = Release|Any CPU
	EndGlobalSection
	GlobalSection(SolutionProperties) = preSolution
		HideSolutionNode = FALSE
	EndGlobalSection
	GlobalSection(ExtensibilityGlobals) = postSolution
		SolutionGuid = {DE1854C4-654A-4F5D-A788-881369806512}
	EndGlobalSection
EndGlobal
